
Microsoft Visual Studio Solution File, Format Version 12.00
# Visual Studio 14
VisualStudioVersion = 14.0.25420.1
MinimumVisualStudioVersion = 10.0.40219.1
Project("{FAE04EC0-301F-11D3-BF4B-00C04F79EFBC}") = "e-emmigration", "e-emmigration\e-emmigration.csproj", "{B922A703-6E56-43C8-81A9-AE6750CE92B1}"
EndProject
Project("{FAE04EC0-301F-11D3-BF4B-00C04F79EFBC}") = "e-emmigration.Tests", "e-emmigration.Tests\e-emmigration.Tests.csproj", "{6D03B021-ED14-4AA7-912E-2FF897C01FEE}"
EndProject
Global
	GlobalSection(SolutionConfigurationPlatforms) = preSolution
		Debug|Any CPU = Debug|Any CPU
		Release|Any CPU = Release|Any CPU
	EndGlobalSection
	GlobalSection(ProjectConfigurationPlatforms) = postSolution
		{B922A703-6E56-43C8-81A9-AE6750CE92B1}.Debug|Any CPU.ActiveCfg = Debug|Any CPU
		{B922A703-6E56-43C8-81A9-AE6750CE92B1}.Debug|Any CPU.Build.0 = Debug|Any CPU
		{B922A703-6E56-43C8-81A9-AE6750CE92B1}.Release|Any CPU.ActiveCfg = Release|Any CPU
		{B922A703-6E56-43C8-81A9-AE6750CE92B1}.Release|Any CPU.Build.0 = Release|Any CPU
		{6D03B021-ED14-4AA7-912E-2FF897C01FEE}.Debug|Any CPU.ActiveCfg = Debug|Any CPU
		{6D03B021-ED14-4AA7-912E-2FF897C01FEE}.Debug|Any CPU.Build.0 = Debug|Any CPU
		{6D03B021-ED14-4AA7-912E-2FF897C01FEE}.Release|Any CPU.ActiveCfg = Release|Any CPU
		{6D03B021-ED14-4AA7-912E-2FF897C01FEE}.Release|Any CPU.Build.0 = Release|Any CPU
	EndGlobalSection
	GlobalSection(SolutionProperties) = preSolution
		HideSolutionNode = FALSE
	EndGlobalSection
EndGlobal
